
Microsoft Visual Studio Solution File, Format Version 12.00
# Visual Studio 2012
Project("{FAE04EC0-301F-11D3-BF4B-00C04F79EFBC}") = "HealthAnalyser", "HealthAnalyser\HealthAnalyser.csproj", "{146986B0-BE90-451B-A43E-886C3D1080AD}"
EndProject
Project("{FAE04EC0-301F-11D3-BF4B-00C04F79EFBC}") = "HealthAnalyser.Tests", "HealthAnalyser.Tests\HealthAnalyser.Tests.csproj", "{2180FB8D-902E-418E-A018-6FDF9357E17A}"
EndProject
Project("{FAE04EC0-301F-11D3-BF4B-00C04F79EFBC}") = "HealthAnalyserDataAccess", "HealthAnalyserDataAccess\HealthAnalyserDataAccess.csproj", "{6D6D6BD9-3450-4CF7-B498-EA3005AA9478}"
EndProject
Global
	GlobalSection(SolutionConfigurationPlatforms) = preSolution
		Debug|Any CPU = Debug|Any CPU
		Release|Any CPU = Release|Any CPU
	EndGlobalSection
	GlobalSection(ProjectConfigurationPlatforms) = postSolution
		{146986B0-BE90-451B-A43E-886C3D1080AD}.Debug|Any CPU.ActiveCfg = Debug|Any CPU
		{146986B0-BE90-451B-A43E-886C3D1080AD}.Debug|Any CPU.Build.0 = Debug|Any CPU
		{146986B0-BE90-451B-A43E-886C3D1080AD}.Release|Any CPU.ActiveCfg = Release|Any CPU
		{146986B0-BE90-451B-A43E-886C3D1080AD}.Release|Any CPU.Build.0 = Release|Any CPU
		{2180FB8D-902E-418E-A018-6FDF9357E17A}.Debug|Any CPU.ActiveCfg = Debug|Any CPU
		{2180FB8D-902E-418E-A018-6FDF9357E17A}.Debug|Any CPU.Build.0 = Debug|Any CPU
		{2180FB8D-902E-418E-A018-6FDF9357E17A}.Release|Any CPU.ActiveCfg = Release|Any CPU
		{2180FB8D-902E-418E-A018-6FDF9357E17A}.Release|Any CPU.Build.0 = Release|Any CPU
		{6D6D6BD9-3450-4CF7-B498-EA3005AA9478}.Debug|Any CPU.ActiveCfg = Debug|Any CPU
		{6D6D6BD9-3450-4CF7-B498-EA3005AA9478}.Debug|Any CPU.Build.0 = Debug|Any CPU
		{6D6D6BD9-3450-4CF7-B498-EA3005AA9478}.Release|Any CPU.ActiveCfg = Release|Any CPU
		{6D6D6BD9-3450-4CF7-B498-EA3005AA9478}.Release|Any CPU.Build.0 = Release|Any CPU
	EndGlobalSection
	GlobalSection(SolutionProperties) = preSolution
		HideSolutionNode = FALSE
	EndGlobalSection
EndGlobal
